<?xml version="1.0" encoding="utf-8"?>
<Project ToolsVersion="4.0" xmlns="http://schemas.microsoft.com/developer/msbuild/2003">
  <ItemGroup>
    <Filter Include="Default">
      <UniqueIdentifier>{0a81c01a-c2be-43db-91a2-113fcabded7b}</UniqueIdentifier>
    </Filter>
    <Filter Include="01. Engine">
      <UniqueIdentifier>{f4faa795-6283-49e5-a43d-3ee08170fd1f}</UniqueIdentifier>
    </Filter>
    <Filter Include="00. Header">
      <UniqueIdentifier>{b623700f-6888-44be-a874-7bb1fcd557c6}</UniqueIdentifier>
    </Filter>
  </ItemGroup>
  <ItemGroup>
    <ClInclude Include="framework.h">
      <Filter>Default</Filter>
    </ClInclude>
    <ClInclude Include="pch.h">
      <Filter>Default</Filter>
    </ClInclude>
    <ClInclude Include="Engine.h">
      <Filter>01. Engine</Filter>
    </ClInclude>
    <ClInclude Include="singleton.h">
      <Filter>00. Header</Filter>
    </ClInclude>
  </ItemGroup>
  <ItemGroup>
    <ClCompile Include="pch.cpp">
      <Filter>Default</Filter>
    </ClCompile>
    <ClCompile Include="Engine.cpp">
      <Filter>01. Engine</Filter>
    </ClCompile>
  </ItemGroup>
</Project>