<?xml version="1.0" encoding="utf-8"?>
<Project ToolsVersion="4.0" xmlns="http://schemas.microsoft.com/developer/msbuild/2003">
  <ItemGroup>
    <Filter Include="리소스 파일">
      <UniqueIdentifier>{67DA6AB6-F800-4c08-8B7A-83BB121AAD01}</UniqueIdentifier>
      <Extensions>rc;ico;cur;bmp;dlg;rc2;rct;bin;rgs;gif;jpg;jpeg;jpe;resx;tiff;tif;png;wav;mfcribbon-ms</Extensions>
    </Filter>
    <Filter Include="Default">
      <UniqueIdentifier>{50ec228b-6285-46be-a82f-2255d0163e8d}</UniqueIdentifier>
    </Filter>
    <Filter Include="ImGuiMgr">
      <UniqueIdentifier>{40cfd486-1806-4aab-925f-d52706ec64a5}</UniqueIdentifier>
    </Filter>
    <Filter Include="UI">
      <UniqueIdentifier>{42ee6910-6024-49b0-af5e-2ea782956047}</UniqueIdentifier>
    </Filter>
    <Filter Include="ImGui">
      <UniqueIdentifier>{e0c55719-0eee-43cb-a98d-94599e2b564b}</UniqueIdentifier>
    </Filter>
    <Filter Include="UI\02. Content">
      <UniqueIdentifier>{dc0b3a22-a322-4a5f-9777-fb6d3c3063dc}</UniqueIdentifier>
    </Filter>
    <Filter Include="UI\01. OutLiner">
      <UniqueIdentifier>{b685cc0e-2aaa-4667-9e1d-48746e6e932b}</UniqueIdentifier>
    </Filter>
    <Filter Include="UI\00. Inspector">
      <UniqueIdentifier>{3990f84c-cff5-42f1-a0ba-9c841c4912b8}</UniqueIdentifier>
    </Filter>
    <Filter Include="UI\00. Inspector\TransformUI">
      <UniqueIdentifier>{e5a55a42-d4a0-48ef-9ece-eeb5d724f103}</UniqueIdentifier>
    </Filter>
  </ItemGroup>
  <ItemGroup>
    <ClInclude Include="Client.h">
      <Filter>Default</Filter>
    </ClInclude>
    <ClInclude Include="framework.h">
      <Filter>Default</Filter>
    </ClInclude>
    <ClInclude Include="Resource.h">
      <Filter>Default</Filter>
    </ClInclude>
    <ClInclude Include="targetver.h">
      <Filter>Default</Filter>
    </ClInclude>
    <ClInclude Include="pch.h">
      <Filter>Default</Filter>
    </ClInclude>
    <ClInclude Include="imgui_impl_dx11.h">
      <Filter>ImGui</Filter>
    </ClInclude>
    <ClInclude Include="imgui_impl_win32.h">
      <Filter>ImGui</Filter>
    </ClInclude>
    <ClInclude Include="imgui_internal.h">
      <Filter>ImGui</Filter>
    </ClInclude>
    <ClInclude Include="imstb_rectpack.h">
      <Filter>ImGui</Filter>
    </ClInclude>
    <ClInclude Include="imstb_textedit.h">
      <Filter>ImGui</Filter>
    </ClInclude>
    <ClInclude Include="imstb_truetype.h">
      <Filter>ImGui</Filter>
    </ClInclude>
    <ClInclude Include="imconfig.h">
      <Filter>ImGui</Filter>
    </ClInclude>
    <ClInclude Include="imgui.h">
      <Filter>ImGui</Filter>
    </ClInclude>
    <ClInclude Include="ImGuiMgr.h">
      <Filter>ImGuiMgr</Filter>
    </ClInclude>
    <ClInclude Include="UI.h">
      <Filter>UI</Filter>
    </ClInclude>
    <ClInclude Include="Inspector.h">
      <Filter>UI\00. Inspector</Filter>
    </ClInclude>
    <ClInclude Include="OutLiner.h">
      <Filter>UI\01. OutLiner</Filter>
    </ClInclude>
    <ClInclude Include="Content.h">
      <Filter>UI\02. Content</Filter>
    </ClInclude>
    <ClInclude Include="TransformUI.h">
      <Filter>UI\00. Inspector\TransformUI</Filter>
    </ClInclude>
  </ItemGroup>
  <ItemGroup>
    <ResourceCompile Include="Client.rc">
      <Filter>리소스 파일</Filter>
    </ResourceCompile>
  </ItemGroup>
  <ItemGroup>
    <Image Include="small.ico">
      <Filter>리소스 파일</Filter>
    </Image>
    <Image Include="Client.ico">
      <Filter>리소스 파일</Filter>
    </Image>
  </ItemGroup>
  <ItemGroup>
    <ClCompile Include="main.cpp" />
    <ClCompile Include="pch.cpp">
      <Filter>Default</Filter>
    </ClCompile>
    <ClCompile Include="imgui_demo.cpp">
      <Filter>ImGui</Filter>
    </ClCompile>
    <ClCompile Include="imgui_draw.cpp">
      <Filter>ImGui</Filter>
    </ClCompile>
    <ClCompile Include="imgui_impl_dx11.cpp">
      <Filter>ImGui</Filter>
    </ClCompile>
    <ClCompile Include="imgui_impl_win32.cpp">
      <Filter>ImGui</Filter>
    </ClCompile>
    <ClCompile Include="imgui_tables.cpp">
      <Filter>ImGui</Filter>
    </ClCompile>
    <ClCompile Include="imgui_widgets.cpp">
      <Filter>ImGui</Filter>
    </ClCompile>
    <ClCompile Include="imgui.cpp">
      <Filter>ImGui</Filter>
    </ClCompile>
    <ClCompile Include="ImGuiMgr.cpp">
      <Filter>ImGuiMgr</Filter>
    </ClCompile>
    <ClCompile Include="UI.cpp">
      <Filter>UI</Filter>
    </ClCompile>
    <ClCompile Include="Inspector.cpp">
      <Filter>UI\00. Inspector</Filter>
    </ClCompile>
    <ClCompile Include="OutLiner.cpp">
      <Filter>UI\01. OutLiner</Filter>
    </ClCompile>
    <ClCompile Include="Content.cpp">
      <Filter>UI\02. Content</Filter>
    </ClCompile>
    <ClCompile Include="TransformUI.cpp">
      <Filter>UI\00. Inspector\TransformUI</Filter>
    </ClCompile>
  </ItemGroup>
</Project>