<?xml version="1.0" encoding="utf-8"?>
<Project ToolsVersion="4.0" xmlns="http://schemas.microsoft.com/developer/msbuild/2003">
  <ItemGroup>
    <Filter Include="리소스 파일">
      <UniqueIdentifier>{67DA6AB6-F800-4c08-8B7A-83BB121AAD01}</UniqueIdentifier>
      <Extensions>rc;ico;cur;bmp;dlg;rc2;rct;bin;rgs;gif;jpg;jpeg;jpe;resx;tiff;tif;png;wav;mfcribbon-ms</Extensions>
    </Filter>
    <Filter Include="Default">
      <UniqueIdentifier>{50ec228b-6285-46be-a82f-2255d0163e8d}</UniqueIdentifier>
    </Filter>
    <Filter Include="ImGui">
      <UniqueIdentifier>{e0c55719-0eee-43cb-a98d-94599e2b564b}</UniqueIdentifier>
    </Filter>
    <Filter Include="01. Manager">
      <UniqueIdentifier>{834353d8-ffa0-4eda-9c55-8df2ef65933b}</UniqueIdentifier>
    </Filter>
    <Filter Include="01. Manager\01. ImGuiMgr">
      <UniqueIdentifier>{40cfd486-1806-4aab-925f-d52706ec64a5}</UniqueIdentifier>
    </Filter>
    <Filter Include="01. Manager\02. EditorObjectMgr">
      <UniqueIdentifier>{6656ebfb-a8aa-4a6a-931c-0b244088cdc4}</UniqueIdentifier>
    </Filter>
    <Filter Include="02. UI">
      <UniqueIdentifier>{42ee6910-6024-49b0-af5e-2ea782956047}</UniqueIdentifier>
    </Filter>
    <Filter Include="02. UI\02. Content">
      <UniqueIdentifier>{dc0b3a22-a322-4a5f-9777-fb6d3c3063dc}</UniqueIdentifier>
    </Filter>
    <Filter Include="02. UI\01. OutLiner">
      <UniqueIdentifier>{b685cc0e-2aaa-4667-9e1d-48746e6e932b}</UniqueIdentifier>
    </Filter>
    <Filter Include="02. UI\00. Inspector">
      <UniqueIdentifier>{3990f84c-cff5-42f1-a0ba-9c841c4912b8}</UniqueIdentifier>
    </Filter>
    <Filter Include="02. UI\00. Inspector\ComponentUI">
      <UniqueIdentifier>{e037dff2-7c50-4691-8756-add3603c8d9e}</UniqueIdentifier>
    </Filter>
    <Filter Include="02. UI\00. Inspector\ComponentUI\MeshRenderUI">
      <UniqueIdentifier>{2aef2347-0338-4eb1-bffa-13237cd0f67b}</UniqueIdentifier>
    </Filter>
    <Filter Include="02. UI\00. Inspector\ComponentUI\Light2D">
      <UniqueIdentifier>{1b8e428a-a841-4f9c-a680-d17926f3cd0e}</UniqueIdentifier>
    </Filter>
    <Filter Include="02. UI\00. Inspector\ComponentUI\Collider2D">
      <UniqueIdentifier>{133f12ee-9d7c-4941-95dd-c9cca6cca54b}</UniqueIdentifier>
    </Filter>
    <Filter Include="02. UI\00. Inspector\ComponentUI\Animator2D">
      <UniqueIdentifier>{ea6e3cca-bfdc-4122-807a-135ab74390f8}</UniqueIdentifier>
    </Filter>
    <Filter Include="02. UI\00. Inspector\ComponentUI\TransformUI">
      <UniqueIdentifier>{e5a55a42-d4a0-48ef-9ece-eeb5d724f103}</UniqueIdentifier>
    </Filter>
    <Filter Include="02. UI\00. Inspector\ComponentUI\ParticleSystem">
      <UniqueIdentifier>{0ef5fbc3-bd10-4c18-af3c-57186eada1d2}</UniqueIdentifier>
    </Filter>
    <Filter Include="02. UI\00. Inspector\ComponentUI\TileMap">
      <UniqueIdentifier>{f0eecb74-02d7-42c3-aafa-463e859cc961}</UniqueIdentifier>
    </Filter>
    <Filter Include="02. UI\00. Inspector\AssetUI">
      <UniqueIdentifier>{6f7f0986-079a-4648-a76c-78e4cdc7faa6}</UniqueIdentifier>
    </Filter>
    <Filter Include="02. UI\00. Inspector\AssetUI\ComputeShader">
      <UniqueIdentifier>{ea70fa4a-0280-4539-8fb6-0eeaf9e65d78}</UniqueIdentifier>
    </Filter>
    <Filter Include="02. UI\00. Inspector\AssetUI\GraphicsShader">
      <UniqueIdentifier>{8b52a861-4e3c-4b38-aef8-c714cb106565}</UniqueIdentifier>
    </Filter>
    <Filter Include="02. UI\00. Inspector\AssetUI\Material">
      <UniqueIdentifier>{a94f59d5-7456-4cc5-b0fb-3426a9b7a154}</UniqueIdentifier>
    </Filter>
    <Filter Include="02. UI\00. Inspector\AssetUI\MeshData">
      <UniqueIdentifier>{eabb65fb-bd9c-4c7b-b03b-04e4cd3804ac}</UniqueIdentifier>
    </Filter>
    <Filter Include="02. UI\00. Inspector\AssetUI\Mesh">
      <UniqueIdentifier>{c1661257-b19e-41e4-a83c-8ba788c0f866}</UniqueIdentifier>
    </Filter>
    <Filter Include="02. UI\00. Inspector\AssetUI\Sound">
      <UniqueIdentifier>{768ce4fe-4dd6-4b30-9c51-6206bb08b923}</UniqueIdentifier>
    </Filter>
    <Filter Include="02. UI\00. Inspector\AssetUI\Texture">
      <UniqueIdentifier>{ee03b758-23ad-474c-9be2-351574497359}</UniqueIdentifier>
    </Filter>
    <Filter Include="02. UI\03. List">
      <UniqueIdentifier>{75267c09-7b43-4e05-9cd9-a94a62978348}</UniqueIdentifier>
    </Filter>
    <Filter Include="02. UI\04. MenuUI">
      <UniqueIdentifier>{f3f8b114-83b9-49bd-9757-003d67edffde}</UniqueIdentifier>
    </Filter>
    <Filter Include="02. UI\05. Module">
      <UniqueIdentifier>{1e2c7dbe-e599-4945-9fb7-befd007d58f5}</UniqueIdentifier>
    </Filter>
    <Filter Include="02. UI\05. Module\ParamUI">
      <UniqueIdentifier>{5fb2e072-8667-4549-83f6-4e8eb5f1ad62}</UniqueIdentifier>
    </Filter>
    <Filter Include="02. UI\05. Module\TreeUI">
      <UniqueIdentifier>{10430d5d-611f-443a-be3e-cf822a4f2660}</UniqueIdentifier>
    </Filter>
  </ItemGroup>
  <ItemGroup>
    <ClInclude Include="Client.h">
      <Filter>Default</Filter>
    </ClInclude>
    <ClInclude Include="framework.h">
      <Filter>Default</Filter>
    </ClInclude>
    <ClInclude Include="Resource.h">
      <Filter>Default</Filter>
    </ClInclude>
    <ClInclude Include="targetver.h">
      <Filter>Default</Filter>
    </ClInclude>
    <ClInclude Include="pch.h">
      <Filter>Default</Filter>
    </ClInclude>
    <ClInclude Include="imgui_impl_dx11.h">
      <Filter>ImGui</Filter>
    </ClInclude>
    <ClInclude Include="imgui_impl_win32.h">
      <Filter>ImGui</Filter>
    </ClInclude>
    <ClInclude Include="imgui_internal.h">
      <Filter>ImGui</Filter>
    </ClInclude>
    <ClInclude Include="imstb_rectpack.h">
      <Filter>ImGui</Filter>
    </ClInclude>
    <ClInclude Include="imstb_textedit.h">
      <Filter>ImGui</Filter>
    </ClInclude>
    <ClInclude Include="imstb_truetype.h">
      <Filter>ImGui</Filter>
    </ClInclude>
    <ClInclude Include="imconfig.h">
      <Filter>ImGui</Filter>
    </ClInclude>
    <ClInclude Include="imgui.h">
      <Filter>ImGui</Filter>
    </ClInclude>
    <ClInclude Include="ImGuiMgr.h">
      <Filter>01. Manager\01. ImGuiMgr</Filter>
    </ClInclude>
    <ClInclude Include="UI.h">
      <Filter>02. UI</Filter>
    </ClInclude>
    <ClInclude Include="OutLiner.h">
      <Filter>02. UI\01. OutLiner</Filter>
    </ClInclude>
    <ClInclude Include="Content.h">
      <Filter>02. UI\02. Content</Filter>
    </ClInclude>
    <ClInclude Include="TransformUI.h">
      <Filter>02. UI\00. Inspector\ComponentUI\TransformUI</Filter>
    </ClInclude>
    <ClInclude Include="ComponentUI.h">
      <Filter>02. UI\00. Inspector\ComponentUI</Filter>
    </ClInclude>
    <ClInclude Include="MeshRenderUI.h">
      <Filter>02. UI\00. Inspector\ComponentUI\MeshRenderUI</Filter>
    </ClInclude>
    <ClInclude Include="ListUI.h">
      <Filter>02. UI\03. List</Filter>
    </ClInclude>
    <ClInclude Include="Light2DUI.h">
      <Filter>02. UI\00. Inspector\ComponentUI\Light2D</Filter>
    </ClInclude>
    <ClInclude Include="Collider2DUI.h">
      <Filter>02. UI\00. Inspector\ComponentUI\Collider2D</Filter>
    </ClInclude>
    <ClInclude Include="Animator2DUI.h">
      <Filter>02. UI\00. Inspector\ComponentUI\Animator2D</Filter>
    </ClInclude>
    <ClInclude Include="TreeUI.h">
      <Filter>02. UI\05. Module\TreeUI</Filter>
    </ClInclude>
    <ClInclude Include="AssetUI.h">
      <Filter>02. UI\00. Inspector\AssetUI</Filter>
    </ClInclude>
    <ClInclude Include="ComputeShaderUI.h">
      <Filter>02. UI\00. Inspector\AssetUI\ComputeShader</Filter>
    </ClInclude>
    <ClInclude Include="GraphicsShaderUI.h">
      <Filter>02. UI\00. Inspector\AssetUI\GraphicsShader</Filter>
    </ClInclude>
    <ClInclude Include="Inspector.h">
      <Filter>02. UI\00. Inspector</Filter>
    </ClInclude>
    <ClInclude Include="MaterialUI.h">
      <Filter>02. UI\00. Inspector\AssetUI\Material</Filter>
    </ClInclude>
    <ClInclude Include="MeshDataUI.h">
      <Filter>02. UI\00. Inspector\AssetUI\MeshData</Filter>
    </ClInclude>
    <ClInclude Include="MeshUI.h">
      <Filter>02. UI\00. Inspector\AssetUI\Mesh</Filter>
    </ClInclude>
    <ClInclude Include="SoundUI.h">
      <Filter>02. UI\00. Inspector\AssetUI\Sound</Filter>
    </ClInclude>
    <ClInclude Include="TextureUI.h">
      <Filter>02. UI\00. Inspector\AssetUI\Texture</Filter>
    </ClInclude>
    <ClInclude Include="ParamUI.h">
      <Filter>02. UI\05. Module\ParamUI</Filter>
    </ClInclude>
    <ClInclude Include="MenuUI.h">
      <Filter>02. UI\04. MenuUI</Filter>
    </ClInclude>
  </ItemGroup>
  <ItemGroup>
    <ResourceCompile Include="Client.rc">
      <Filter>리소스 파일</Filter>
    </ResourceCompile>
  </ItemGroup>
  <ItemGroup>
    <Image Include="small.ico">
      <Filter>리소스 파일</Filter>
    </Image>
    <Image Include="Client.ico">
      <Filter>리소스 파일</Filter>
    </Image>
  </ItemGroup>
  <ItemGroup>
    <ClCompile Include="main.cpp" />
    <ClCompile Include="pch.cpp">
      <Filter>Default</Filter>
    </ClCompile>
    <ClCompile Include="imgui_demo.cpp">
      <Filter>ImGui</Filter>
    </ClCompile>
    <ClCompile Include="imgui_draw.cpp">
      <Filter>ImGui</Filter>
    </ClCompile>
    <ClCompile Include="imgui_impl_dx11.cpp">
      <Filter>ImGui</Filter>
    </ClCompile>
    <ClCompile Include="imgui_impl_win32.cpp">
      <Filter>ImGui</Filter>
    </ClCompile>
    <ClCompile Include="imgui_tables.cpp">
      <Filter>ImGui</Filter>
    </ClCompile>
    <ClCompile Include="imgui_widgets.cpp">
      <Filter>ImGui</Filter>
    </ClCompile>
    <ClCompile Include="imgui.cpp">
      <Filter>ImGui</Filter>
    </ClCompile>
    <ClCompile Include="ImGuiMgr.cpp">
      <Filter>01. Manager\01. ImGuiMgr</Filter>
    </ClCompile>
    <ClCompile Include="UI.cpp">
      <Filter>02. UI</Filter>
    </ClCompile>
    <ClCompile Include="OutLiner.cpp">
      <Filter>02. UI\01. OutLiner</Filter>
    </ClCompile>
    <ClCompile Include="Content.cpp">
      <Filter>02. UI\02. Content</Filter>
    </ClCompile>
    <ClCompile Include="TransformUI.cpp">
      <Filter>02. UI\00. Inspector\ComponentUI\TransformUI</Filter>
    </ClCompile>
    <ClCompile Include="ComponentUI.cpp">
      <Filter>02. UI\00. Inspector\ComponentUI</Filter>
    </ClCompile>
    <ClCompile Include="MeshRenderUI.cpp">
      <Filter>02. UI\00. Inspector\ComponentUI\MeshRenderUI</Filter>
    </ClCompile>
    <ClCompile Include="ListUI.cpp">
      <Filter>02. UI\03. List</Filter>
    </ClCompile>
    <ClCompile Include="Light2DUI.cpp">
      <Filter>02. UI\00. Inspector\ComponentUI\Light2D</Filter>
    </ClCompile>
    <ClCompile Include="Collider2DUI.cpp">
      <Filter>02. UI\00. Inspector\ComponentUI\Collider2D</Filter>
    </ClCompile>
    <ClCompile Include="Animator2DUI.cpp">
      <Filter>02. UI\00. Inspector\ComponentUI\Animator2D</Filter>
    </ClCompile>
    <ClCompile Include="TreeUI.cpp">
      <Filter>02. UI\05. Module\TreeUI</Filter>
    </ClCompile>
    <ClCompile Include="AssetUI.cpp">
      <Filter>02. UI\00. Inspector\AssetUI</Filter>
    </ClCompile>
    <ClCompile Include="ComputeShaderUI.cpp">
      <Filter>02. UI\00. Inspector\AssetUI\ComputeShader</Filter>
    </ClCompile>
    <ClCompile Include="GraphicsShaderUI.cpp">
      <Filter>02. UI\00. Inspector\AssetUI\GraphicsShader</Filter>
    </ClCompile>
    <ClCompile Include="Inspector.cpp">
      <Filter>02. UI\00. Inspector</Filter>
    </ClCompile>
    <ClCompile Include="Inspector_Init.cpp">
      <Filter>02. UI\00. Inspector</Filter>
    </ClCompile>
    <ClCompile Include="MaterialUI.cpp">
      <Filter>02. UI\00. Inspector\AssetUI\Material</Filter>
    </ClCompile>
    <ClCompile Include="MeshDataUI.cpp">
      <Filter>02. UI\00. Inspector\AssetUI\MeshData</Filter>
    </ClCompile>
    <ClCompile Include="MeshUI.cpp">
      <Filter>02. UI\00. Inspector\AssetUI\Mesh</Filter>
    </ClCompile>
    <ClCompile Include="SoundUI.cpp">
      <Filter>02. UI\00. Inspector\AssetUI\Sound</Filter>
    </ClCompile>
    <ClCompile Include="TextureUI.cpp">
      <Filter>02. UI\00. Inspector\AssetUI\Texture</Filter>
    </ClCompile>
    <ClCompile Include="ParamUI.cpp">
      <Filter>02. UI\05. Module\ParamUI</Filter>
    </ClCompile>
    <ClCompile Include="MenuUI.cpp">
      <Filter>02. UI\04. MenuUI</Filter>
    </ClCompile>
  </ItemGroup>
</Project>